<?xml version="1.0" encoding="utf-8"?>
<Project ToolsVersion="4.0" xmlns="http://schemas.microsoft.com/developer/msbuild/2003">
  <ItemGroup>
    <Filter Include="Source Files">
      <UniqueIdentifier>{4FC737F1-C7A5-4376-A066-2A32D752A2FF}</UniqueIdentifier>
      <Extensions>cpp;c;cc;cxx;def;odl;idl;hpj;bat;asm;asmx</Extensions>
    </Filter>
    <Filter Include="Header Files">
      <UniqueIdentifier>{93995380-89BD-4b04-88EB-625FBE52EBFB}</UniqueIdentifier>
      <Extensions>h;hh;hpp;hxx;hm;inl;inc;ipp;xsd</Extensions>
    </Filter>
    <Filter Include="Resource Files">
      <UniqueIdentifier>{67DA6AB6-F800-4c08-8B7A-83BB121AAD01}</UniqueIdentifier>
      <Extensions>rc;ico;cur;bmp;dlg;rc2;rct;bin;rgs;gif;jpg;jpeg;jpe;resx;tiff;tif;png;wav;mfcribbon-ms</Extensions>
    </Filter>
    <Filter Include="Source Files\Item">
      <UniqueIdentifier>{ec538c26-a555-447d-8731-d6289e123695}</UniqueIdentifier>
    </Filter>
    <Filter Include="Source Files\Container">
      <UniqueIdentifier>{90e9e6a1-87cb-4f3d-ae06-9427dd701acf}</UniqueIdentifier>
    </Filter>
    <Filter Include="Source Files\Item\Equipable">
      <UniqueIdentifier>{02a85c21-280b-4ccd-9282-b4cfd13bee07}</UniqueIdentifier>
    </Filter>
    <Filter Include="Source Files\Debug">
      <UniqueIdentifier>{d79f5d48-282d-413a-946b-14d08e4b3ab4}</UniqueIdentifier>
    </Filter>
  </ItemGroup>
  <ItemGroup>
    <ClInclude Include="utils.h">
      <Filter>Header Files</Filter>
    </ClInclude>
    <ClInclude Include="equipment.h">
      <Filter>Source Files\Item\Equipable</Filter>
    </ClInclude>
    <ClInclude Include="item.h">
      <Filter>Source Files\Item</Filter>
    </ClInclude>
    <ClInclude Include="itemcontainer.h">
      <Filter>Source Files\Container</Filter>
    </ClInclude>
    <ClInclude Include="debugdisplay.h">
      <Filter>Source Files\Debug</Filter>
    </ClInclude>
  </ItemGroup>
  <ItemGroup>
    <ClCompile Include="equipment.cpp">
      <Filter>Source Files\Item\Equipable</Filter>
    </ClCompile>
    <ClCompile Include="item.cpp">
      <Filter>Source Files\Item</Filter>
    </ClCompile>
    <ClCompile Include="itemcontainer.cpp">
      <Filter>Source Files\Container</Filter>
    </ClCompile>
    <ClCompile Include="debugdisplay.cpp">
      <Filter>Source Files\Debug</Filter>
    </ClCompile>
    <ClCompile Include="main.cpp">
      <Filter>Source Files</Filter>
    </ClCompile>
  </ItemGroup>
</Project>